
Microsoft Visual Studio Solution File, Format Version 12.00
# Visual Studio Version 17
VisualStudioVersion = 17.9.34728.123
MinimumVisualStudioVersion = 10.0.40219.1
Project("{9A19103F-16F7-4668-BE54-9A1E7A4F7556}") = "ApiCrud", "ApiCrud.csproj", "{6C904101-2B51-431B-A7DD-384FE1D3E8DA}"
EndProject
Global
	GlobalSection(SolutionConfigurationPlatforms) = preSolution
		Debug|Any CPU = Debug|Any CPU
		Release|Any CPU = Release|Any CPU
	EndGlobalSection
	GlobalSection(ProjectConfigurationPlatforms) = postSolution
		{6C904101-2B51-431B-A7DD-384FE1D3E8DA}.Debug|Any CPU.ActiveCfg = Debug|Any CPU
		{6C904101-2B51-431B-A7DD-384FE1D3E8DA}.Debug|Any CPU.Build.0 = Debug|Any CPU
		{6C904101-2B51-431B-A7DD-384FE1D3E8DA}.Release|Any CPU.ActiveCfg = Release|Any CPU
		{6C904101-2B51-431B-A7DD-384FE1D3E8DA}.Release|Any CPU.Build.0 = Release|Any CPU
	EndGlobalSection
	GlobalSection(SolutionProperties) = preSolution
		HideSolutionNode = FALSE
	EndGlobalSection
	GlobalSection(ExtensibilityGlobals) = postSolution
		SolutionGuid = {B6F9B2D9-42CB-4A9C-A20E-3AD7D47310E6}
	EndGlobalSection
EndGlobal
